
Microsoft Visual Studio Solution File, Format Version 12.00
# Visual Studio 15
VisualStudioVersion = 15.0.27004.2002
MinimumVisualStudioVersion = 10.0.40219.1
Project("{FAE04EC0-301F-11D3-BF4B-00C04F79EFBC}") = "LoveSelling", "LoveSelling\LoveSelling.csproj", "{D2C3C586-1FD3-4425-A057-904BFD341079}"
EndProject
Global
	GlobalSection(SolutionConfigurationPlatforms) = preSolution
		Debug|Any CPU = Debug|Any CPU
		Release|Any CPU = Release|Any CPU
	EndGlobalSection
	GlobalSection(ProjectConfigurationPlatforms) = postSolution
		{D2C3C586-1FD3-4425-A057-904BFD341079}.Debug|Any CPU.ActiveCfg = Debug|Any CPU
		{D2C3C586-1FD3-4425-A057-904BFD341079}.Debug|Any CPU.Build.0 = Debug|Any CPU
		{D2C3C586-1FD3-4425-A057-904BFD341079}.Release|Any CPU.ActiveCfg = Release|Any CPU
		{D2C3C586-1FD3-4425-A057-904BFD341079}.Release|Any CPU.Build.0 = Release|Any CPU
	EndGlobalSection
	GlobalSection(SolutionProperties) = preSolution
		HideSolutionNode = FALSE
	EndGlobalSection
	GlobalSection(ExtensibilityGlobals) = postSolution
		SolutionGuid = {63D01545-5CE1-49D8-8B39-426597B4385A}
	EndGlobalSection
	GlobalSection(TeamFoundationVersionControl) = preSolution
		SccNumberOfProjects = 2
		SccEnterpriseProvider = {4CA58AB2-18FA-4F8D-95D4-32DDF27D184C}
		SccTeamFoundationServer = http://tfsa0w0p01:8080/tfs/c105
		SccLocalPath0 = .
		SccProjectUniqueName1 = LoveSelling\\LoveSelling.csproj
		SccProjectName1 = LoveSelling
		SccLocalPath1 = LoveSelling
	EndGlobalSection
EndGlobal
